<?xml version="1.0" encoding="UTF-8" standalone="yes" ?>
<CodeBlocks_project_file>
	<FileVersion major="1" minor="6" />
	<Project>
		<Option title="JuegoLaberintoVcelda" />
		<Option pch_mode="2" />
		<Option compiler="gcc" />
		<Build>
			<Target title="Debug">
				<Option output="bin/Debug/JuegoLaberintoVcelda" prefix_auto="1" extension_auto="1" />
				<Option object_output="obj/Debug/" />
				<Option type="0" />
				<Option compiler="gcc" />
				<Compiler>
					<Add option="-g" />
					<Add directory="./" />
					<Add directory="include" />
				</Compiler>
			</Target>
			<Target title="Release">
				<Option output="bin/Release/JuegoLaberintoVcelda" prefix_auto="1" extension_auto="1" />
				<Option object_output="obj/Release/" />
				<Option type="0" />
				<Option compiler="gcc" />
				<Compiler>
					<Add option="-O2" />
					<Add directory="./" />
					<Add directory="include" />
				</Compiler>
				<Linker>
					<Add option="-s" />
					<Add option="-static-libstdc++" />
					<Add option="-static-libgcc" />
					<Add option="-static" />
				</Linker>
			</Target>
		</Build>
		<Compiler>
			<Add option="-Wall" />
			<Add directory="sfml/include" />
		</Compiler>
		<Linker>
			<Add option="-static-libstdc++" />
			<Add option="-static-libgcc" />
			<Add option="-static" />
			<Add library="sfml-graphics" />
			<Add library="sfml-window" />
			<Add library="sfml-system" />
			<Add library="sfml-audio" />
			<Add directory="sfml/lib" />
		</Linker>
		<Unit filename="Celda.cpp" />
		<Unit filename="Celda.h" />
		<Unit filename="Collisionable.cpp">
			<Option target="Debug" />
		</Unit>
		<Unit filename="Collisionable.h" />
		<Unit filename="Configuracion.cpp" />
		<Unit filename="Configuracion.h" />
		<Unit filename="Consumible.cpp" />
		<Unit filename="Consumible.h" />
		<Unit filename="Funciones.cpp" />
		<Unit filename="Funciones.h" />
		<Unit filename="GamePlay.cpp" />
		<Unit filename="GamePlay.h" />
		<Unit filename="Jugador.cpp" />
		<Unit filename="Jugador.h" />
		<Unit filename="JugadorArchivo.cpp" />
		<Unit filename="JugadorArchivo.h" />
		<Unit filename="Laberinto.cpp" />
		<Unit filename="Laberinto.h" />
		<Unit filename="Menu.cpp" />
		<Unit filename="Menu.h" />
		<Unit filename="Minotauro.cpp" />
		<Unit filename="Minotauro.h" />
		<Unit filename="Niebla.cpp" />
		<Unit filename="Niebla.h" />
		<Unit filename="PersonajeJugador.cpp" />
		<Unit filename="PersonajeJugador.h" />
		<Unit filename="main.cpp" />
		<Extensions>
			<lib_finder disable_auto="1" />
		</Extensions>
	</Project>
</CodeBlocks_project_file>
